// !$*UTF8*$!
{
	archiveVersion = 1;
	classes = {
	};
	objectVersion = 50;
	objects = {

/* Begin PBXBuildFile section */
		AD4ED6C42102CD5D0005C05B /* AppDelegate.swift in Sources */ = {isa = PBXBuildFile; fileRef = AD4ED6C32102CD5D0005C05B /* AppDelegate.swift */; };
		AD4ED6C62102CD5D0005C05B /* ViewController.swift in Sources */ = {isa = PBXBuildFile; fileRef = AD4ED6C52102CD5D0005C05B /* ViewController.swift */; };
		AD4ED6C92102CD5E0005C05B /* Main.storyboard in Resources */ = {isa = PBXBuildFile; fileRef = AD4ED6C72102CD5D0005C05B /* Main.storyboard */; };
		AD4ED6CB2102CD5F0005C05B /* Assets.xcassets in Resources */ = {isa = PBXBuildFile; fileRef = AD4ED6CA2102CD5F0005C05B /* Assets.xcassets */; };
		AD4ED6CE2102CD5F0005C05B /* LaunchScreen.storyboard in Resources */ = {isa = PBXBuildFile; fileRef = AD4ED6CC2102CD5F0005C05B /* LaunchScreen.storyboard */; };
		AD4ED6D92102CD5F0005C05B /* SwiftLecture01Tests.swift in Sources */ = {isa = PBXBuildFile; fileRef = AD4ED6D82102CD5F0005C05B /* SwiftLecture01Tests.swift */; };
		AD4ED6E42102CD5F0005C05B /* SwiftLecture01UITests.swift in Sources */ = {isa = PBXBuildFile; fileRef = AD4ED6E32102CD5F0005C05B /* SwiftLecture01UITests.swift */; };
/* End PBXBuildFile section */

/* Begin PBXContainerItemProxy section */
		AD4ED6D52102CD5F0005C05B /* PBXContainerItemProxy */ = {
			isa = PBXContainerItemProxy;
			containerPortal = AD4ED6B82102CD5D0005C05B /* Project object */;
			proxyType = 1;
			remoteGlobalIDString = AD4ED6BF2102CD5D0005C05B;
			remoteInfo = SwiftLecture01;
		};
		AD4ED6E02102CD5F0005C05B /* PBXContainerItemProxy */ = {
			isa = PBXContainerItemProxy;
			containerPortal = AD4ED6B82102CD5D0005C05B /* Project object */;
			proxyType = 1;
			remoteGlobalIDString = AD4ED6BF2102CD5D0005C05B;
			remoteInfo = SwiftLecture01;
		};
/* End PBXContainerItemProxy section */

/* Begin PBXFileReference section */
		AD4ED6C02102CD5D0005C05B /* SwiftLecture01.app */ = {isa = PBXFileReference; explicitFileType = wrapper.application; includeInIndex = 0; path = SwiftLecture01.app; sourceTree = BUILT_PRODUCTS_DIR; };
		AD4ED6C32102CD5D0005C05B /* AppDelegate.swift */ = {isa = PBXFileReference; lastKnownFileType = sourcecode.swift; path = AppDelegate.swift; sourceTree = "<group>"; };
		AD4ED6C52102CD5D0005C05B /* ViewController.swift */ = {isa = PBXFileReference; lastKnownFileType = sourcecode.swift; path = ViewController.swift; sourceTree = "<group>"; };
		AD4ED6C82102CD5E0005C05B /* Base */ = {isa = PBXFileReference; lastKnownFileType = file.storyboard; name = Base; path = Base.lproj/Main.storyboard; sourceTree = "<group>"; };
		AD4ED6CA2102CD5F0005C05B /* Assets.xcassets */ = {isa = PBXFileReference; lastKnownFileType = folder.assetcatalog; path = Assets.xcassets; sourceTree = "<group>"; };
		AD4ED6CD2102CD5F0005C05B /* Base */ = {isa = PBXFileReference; lastKnownFileType = file.storyboard; name = Base; path = Base.lproj/LaunchScreen.storyboard; sourceTree = "<group>"; };
		AD4ED6CF2102CD5F0005C05B /* Info.plist */ = {isa = PBXFileReference; lastKnownFileType = text.plist.xml; path = Info.plist; sourceTree = "<group>"; };
		AD4ED6D42102CD5F0005C05B /* SwiftLecture01Tests.xctest */ = {isa = PBXFileReference; explicitFileType = wrapper.cfbundle; includeInIndex = 0; path = SwiftLecture01Tests.xctest; sourceTree = BUILT_PRODUCTS_DIR; };
		AD4ED6D82102CD5F0005C05B /* SwiftLecture01Tests.swift */ = {isa = PBXFileReference; lastKnownFileType = sourcecode.swift; path = SwiftLecture01Tests.swift; sourceTree = "<group>"; };
		AD4ED6DA2102CD5F0005C05B /* Info.plist */ = {isa = PBXFileReference; lastKnownFileType = text.plist.xml; path = Info.plist; sourceTree = "<group>"; };
		AD4ED6DF2102CD5F0005C05B /* SwiftLecture01UITests.xctest */ = {isa = PBXFileReference; explicitFileType = wrapper.cfbundle; includeInIndex = 0; path = SwiftLecture01UITests.xctest; sourceTree = BUILT_PRODUCTS_DIR; };
		AD4ED6E32102CD5F0005C05B /* SwiftLecture01UITests.swift */ = {isa = PBXFileReference; lastKnownFileType = sourcecode.swift; path = SwiftLecture01UITests.swift; sourceTree = "<group>"; };
		AD4ED6E52102CD5F0005C05B /* Info.plist */ = {isa = PBXFileReference; lastKnownFileType = text.plist.xml; path = Info.plist; sourceTree = "<group>"; };
/* End PBXFileReference section */

/* Begin PBXFrameworksBuildPhase section */
		AD4ED6BD2102CD5D0005C05B /* Frameworks */ = {
			isa = PBXFrameworksBuildPhase;
			buildActionMask = 2147483647;
			files = (
			);
			runOnlyForDeploymentPostprocessing = 0;
		};
		AD4ED6D12102CD5F0005C05B /* Frameworks */ = {
			isa = PBXFrameworksBuildPhase;
			buildActionMask = 2147483647;
			files = (
			);
			runOnlyForDeploymentPostprocessing = 0;
		};
		AD4ED6DC2102CD5F0005C05B /* Frameworks */ = {
			isa = PBXFrameworksBuildPhase;
			buildActionMask = 2147483647;
			files = (
			);
			runOnlyForDeploymentPostprocessing = 0;
		};
/* End PBXFrameworksBuildPhase section */

/* Begin PBXGroup section */
		AD4ED6B72102CD5D0005C05B = {
			isa = PBXGroup;
			children = (
				AD4ED6C22102CD5D0005C05B /* SwiftLecture01 */,
				AD4ED6D72102CD5F0005C05B /* SwiftLecture01Tests */,
				AD4ED6E22102CD5F0005C05B /* SwiftLecture01UITests */,
				AD4ED6C12102CD5D0005C05B /* Products */,
			);
			sourceTree = "<group>";
		};
		AD4ED6C12102CD5D0005C05B /* Products */ = {
			isa = PBXGroup;
			children = (
				AD4ED6C02102CD5D0005C05B /* SwiftLecture01.app */,
				AD4ED6D42102CD5F0005C05B /* SwiftLecture01Tests.xctest */,
				AD4ED6DF2102CD5F0005C05B /* SwiftLecture01UITests.xctest */,
			);
			name = Products;
			sourceTree = "<group>";
		};
		AD4ED6C22102CD5D0005C05B /* SwiftLecture01 */ = {
			isa = PBXGroup;
			children = (
				AD4ED6C32102CD5D0005C05B /* AppDelegate.swift */,
				AD4ED6C52102CD5D0005C05B /* ViewController.swift */,
				AD4ED6C72102CD5D0005C05B /* Main.storyboard */,
				AD4ED6CA2102CD5F0005C05B /* Assets.xcassets */,
				AD4ED6CC2102CD5F0005C05B /* LaunchScreen.storyboard */,
				AD4ED6CF2102CD5F0005C05B /* Info.plist */,
			);
			path = SwiftLecture01;
			sourceTree = "<group>";
		};
		AD4ED6D72102CD5F0005C05B /* SwiftLecture01Tests */ = {
			isa = PBXGroup;
			children = (
				AD4ED6D82102CD5F0005C05B /* SwiftLecture01Tests.swift */,
				AD4ED6DA2102CD5F0005C05B /* Info.plist */,
			);
			path = SwiftLecture01Tests;
			sourceTree = "<group>";
		};
		AD4ED6E22102CD5F0005C05B /* SwiftLecture01UITests */ = {
			isa = PBXGroup;
			children = (
				AD4ED6E32102CD5F0005C05B /* SwiftLecture01UITests.swift */,
				AD4ED6E52102CD5F0005C05B /* Info.plist */,
			);
			path = SwiftLecture01UITests;
			sourceTree = "<group>";
		};
/* End PBXGroup section */

/* Begin PBXNativeTarget section */
		AD4ED6BF2102CD5D0005C05B /* SwiftLecture01 */ = {
			isa = PBXNativeTarget;
			buildConfigurationList = AD4ED6E82102CD5F0005C05B /* Build configuration list for PBXNativeTarget "SwiftLecture01" */;
			buildPhases = (
				AD4ED6BC2102CD5D0005C05B /* Sources */,
				AD4ED6BD2102CD5D0005C05B /* Frameworks */,
				AD4ED6BE2102CD5D0005C05B /* Resources */,
			);
			buildRules = (
			);
			dependencies = (
			);
			name = SwiftLecture01;
			productName = SwiftLecture01;
			productReference = AD4ED6C02102CD5D0005C05B /* SwiftLecture01.app */;
			productType = "com.apple.product-type.application";
		};
		AD4ED6D32102CD5F0005C05B /* SwiftLecture01Tests */ = {
			isa = PBXNativeTarget;
			buildConfigurationList = AD4ED6EB2102CD5F0005C05B /* Build configuration list for PBXNativeTarget "SwiftLecture01Tests" */;
			buildPhases = (
				AD4ED6D02102CD5F0005C05B /* Sources */,
				AD4ED6D12102CD5F0005C05B /* Frameworks */,
				AD4ED6D22102CD5F0005C05B /* Resources */,
			);
			buildRules = (
			);
			dependencies = (
				AD4ED6D62102CD5F0005C05B /* PBXTargetDependency */,
			);
			name = SwiftLecture01Tests;
			productName = SwiftLecture01Tests;
			productReference = AD4ED6D42102CD5F0005C05B /* SwiftLecture01Tests.xctest */;
			productType = "com.apple.product-type.bundle.unit-test";
		};
		AD4ED6DE2102CD5F0005C05B /* SwiftLecture01UITests */ = {
			isa = PBXNativeTarget;
			buildConfigurationList = AD4ED6EE2102CD5F0005C05B /* Build configuration list for PBXNativeTarget "SwiftLecture01UITests" */;
			buildPhases = (
				AD4ED6DB2102CD5F0005C05B /* Sources */,
				AD4ED6DC2102CD5F0005C05B /* Frameworks */,
				AD4ED6DD2102CD5F0005C05B /* Resources */,
			);
			buildRules = (
			);
			dependencies = (
				AD4ED6E12102CD5F0005C05B /* PBXTargetDependency */,
			);
			name = SwiftLecture01UITests;
			productName = SwiftLecture01UITests;
			productReference = AD4ED6DF2102CD5F0005C05B /* SwiftLecture01UITests.xctest */;
			productType = "com.apple.product-type.bundle.ui-testing";
		};
/* End PBXNativeTarget section */

/* Begin PBXProject section */
		AD4ED6B82102CD5D0005C05B /* Project object */ = {
			isa = PBXProject;
			attributes = {
				LastSwiftUpdateCheck = 0940;
				LastUpgradeCheck = 0940;
				ORGANIZATIONNAME = stu1;
				TargetAttributes = {
					AD4ED6BF2102CD5D0005C05B = {
						CreatedOnToolsVersion = 9.4;
					};
					AD4ED6D32102CD5F0005C05B = {
						CreatedOnToolsVersion = 9.4;
						TestTargetID = AD4ED6BF2102CD5D0005C05B;
					};
					AD4ED6DE2102CD5F0005C05B = {
						CreatedOnToolsVersion = 9.4;
						TestTargetID = AD4ED6BF2102CD5D0005C05B;
					};
				};
			};
			buildConfigurationList = AD4ED6BB2102CD5D0005C05B /* Build configuration list for PBXProject "SwiftLecture01" */;
			compatibilityVersion = "Xcode 9.3";
			developmentRegion = en;
			hasScannedForEncodings = 0;
			knownRegions = (
				en,
				Base,
			);
			mainGroup = AD4ED6B72102CD5D0005C05B;
			productRefGroup = AD4ED6C12102CD5D0005C05B /* Products */;
			projectDirPath = "";
			projectRoot = "";
			targets = (
				AD4ED6BF2102CD5D0005C05B /* SwiftLecture01 */,
				AD4ED6D32102CD5F0005C05B /* SwiftLecture01Tests */,
				AD4ED6DE2102CD5F0005C05B /* SwiftLecture01UITests */,
			);
		};
/* End PBXProject section */

/* Begin PBXResourcesBuildPhase section */
		AD4ED6BE2102CD5D0005C05B /* Resources */ = {
			isa = PBXResourcesBuildPhase;
			buildActionMask = 2147483647;
			files = (
				AD4ED6CE2102CD5F0005C05B /* LaunchScreen.storyboard in Resources */,
				AD4ED6CB2102CD5F0005C05B /* Assets.xcassets in Resources */,
				AD4ED6C92102CD5E0005C05B /* Main.storyboard in Resources */,
			);
			runOnlyForDeploymentPostprocessing = 0;
		};
		AD4ED6D22102CD5F0005C05B /* Resources */ = {
			isa = PBXResourcesBuildPhase;
			buildActionMask = 2147483647;
			files = (
			);
			runOnlyForDeploymentPostprocessing = 0;
		};
		AD4ED6DD2102CD5F0005C05B /* Resources */ = {
			isa = PBXResourcesBuildPhase;
			buildActionMask = 2147483647;
			files = (
			);
			runOnlyForDeploymentPostprocessing = 0;
		};
/* End PBXResourcesBuildPhase section */

/* Begin PBXSourcesBuildPhase section */
		AD4ED6BC2102CD5D0005C05B /* Sources */ = {
			isa = PBXSourcesBuildPhase;
			buildActionMask = 2147483647;
			files = (
				AD4ED6C62102CD5D0005C05B /* ViewController.swift in Sources */,
				AD4ED6C42102CD5D0005C05B /* AppDelegate.swift in Sources */,
			);
			runOnlyForDeploymentPostprocessing = 0;
		};
		AD4ED6D02102CD5F0005C05B /* Sources */ = {
			isa = PBXSourcesBuildPhase;
			buildActionMask = 2147483647;
			files = (
				AD4ED6D92102CD5F0005C05B /* SwiftLecture01Tests.swift in Sources */,
			);
			runOnlyForDeploymentPostprocessing = 0;
		};
		AD4ED6DB2102CD5F0005C05B /* Sources */ = {
			isa = PBXSourcesBuildPhase;
			buildActionMask = 2147483647;
			files = (
				AD4ED6E42102CD5F0005C05B /* SwiftLecture01UITests.swift in Sources */,
			);
			runOnlyForDeploymentPostprocessing = 0;
		};
/* End PBXSourcesBuildPhase section */

/* Begin PBXTargetDependency section */
		AD4ED6D62102CD5F0005C05B /* PBXTargetDependency */ = {
			isa = PBXTargetDependency;
			target = AD4ED6BF2102CD5D0005C05B /* SwiftLecture01 */;
			targetProxy = AD4ED6D52102CD5F0005C05B /* PBXContainerItemProxy */;
		};
		AD4ED6E12102CD5F0005C05B /* PBXTargetDependency */ = {
			isa = PBXTargetDependency;
			target = AD4ED6BF2102CD5D0005C05B /* SwiftLecture01 */;
			targetProxy = AD4ED6E02102CD5F0005C05B /* PBXContainerItemProxy */;
		};
/* End PBXTargetDependency section */

/* Begin PBXVariantGroup section */
		AD4ED6C72102CD5D0005C05B /* Main.storyboard */ = {
			isa = PBXVariantGroup;
			children = (
				AD4ED6C82102CD5E0005C05B /* Base */,
			);
			name = Main.storyboard;
			sourceTree = "<group>";
		};
		AD4ED6CC2102CD5F0005C05B /* LaunchScreen.storyboard */ = {
			isa = PBXVariantGroup;
			children = (
				AD4ED6CD2102CD5F0005C05B /* Base */,
			);
			name = LaunchScreen.storyboard;
			sourceTree = "<group>";
		};
/* End PBXVariantGroup section */

/* Begin XCBuildConfiguration section */
		AD4ED6E62102CD5F0005C05B /* Debug */ = {
			isa = XCBuildConfiguration;
			buildSettings = {
				ALWAYS_SEARCH_USER_PATHS = NO;
				CLANG_ANALYZER_NONNULL = YES;
				CLANG_ANALYZER_NUMBER_OBJECT_CONVERSION = YES_AGGRESSIVE;
				CLANG_CXX_LANGUAGE_STANDARD = "gnu++14";
				CLANG_CXX_LIBRARY = "libc++";
				CLANG_ENABLE_MODULES = YES;
				CLANG_ENABLE_OBJC_ARC = YES;
				CLANG_ENABLE_OBJC_WEAK = YES;
				CLANG_WARN_BLOCK_CAPTURE_AUTORELEASING = YES;
				CLANG_WARN_BOOL_CONVERSION = YES;
				CLANG_WARN_COMMA = YES;
				CLANG_WARN_CONSTANT_CONVERSION = YES;
				CLANG_WARN_DEPRECATED_OBJC_IMPLEMENTATIONS = YES;
				CLANG_WARN_DIRECT_OBJC_ISA_USAGE = YES_ERROR;
				CLANG_WARN_DOCUMENTATION_COMMENTS = YES;
				CLANG_WARN_EMPTY_BODY = YES;
				CLANG_WARN_ENUM_CONVERSION = YES;
				CLANG_WARN_INFINITE_RECURSION = YES;
				CLANG_WARN_INT_CONVERSION = YES;
				CLANG_WARN_NON_LITERAL_NULL_CONVERSION = YES;
				CLANG_WARN_OBJC_IMPLICIT_RETAIN_SELF = YES;
				CLANG_WARN_OBJC_LITERAL_CONVERSION = YES;
				CLANG_WARN_OBJC_ROOT_CLASS = YES_ERROR;
				CLANG_WARN_RANGE_LOOP_ANALYSIS = YES;
				CLANG_WARN_STRICT_PROTOTYPES = YES;
				CLANG_WARN_SUSPICIOUS_MOVE = YES;
				CLANG_WARN_UNGUARDED_AVAILABILITY = YES_AGGRESSIVE;
				CLANG_WARN_UNREACHABLE_CODE = YES;
				CLANG_WARN__DUPLICATE_METHOD_MATCH = YES;
				CODE_SIGN_IDENTITY = "iPhone Developer";
				COPY_PHASE_STRIP = NO;
				DEBUG_INFORMATION_FORMAT = dwarf;
				ENABLE_STRICT_OBJC_MSGSEND = YES;
				ENABLE_TESTABILITY = YES;
				GCC_C_LANGUAGE_STANDARD = gnu11;
				GCC_DYNAMIC_NO_PIC = NO;
				GCC_NO_COMMON_BLOCKS = YES;
				GCC_OPTIMIZATION_LEVEL = 0;
				GCC_PREPROCESSOR_DEFINITIONS = (
					"DEBUG=1",
					"$(inherited)",
				);
				GCC_WARN_64_TO_32_BIT_CONVERSION = YES;
				GCC_WARN_ABOUT_RETURN_TYPE = YES_ERROR;
				GCC_WARN_UNDECLARED_SELECTOR = YES;
				GCC_WARN_UNINITIALIZED_AUTOS = YES_AGGRESSIVE;
				GCC_WARN_UNUSED_FUNCTION = YES;
				GCC_WARN_UNUSED_VARIABLE = YES;
				IPHONEOS_DEPLOYMENT_TARGET = 11.4;
				MTL_ENABLE_DEBUG_INFO = YES;
				ONLY_ACTIVE_ARCH = YES;
				SDKROOT = iphoneos;
				SWIFT_ACTIVE_COMPILATION_CONDITIONS = DEBUG;
				SWIFT_OPTIMIZATION_LEVEL = "-Onone";
			};
			name = Debug;
		};
		AD4ED6E72102CD5F0005C05B /* Release */ = {
			isa = XCBuildConfiguration;
			buildSettings = {
				ALWAYS_SEARCH_USER_PATHS = NO;
				CLANG_ANALYZER_NONNULL = YES;
				CLANG_ANALYZER_NUMBER_OBJECT_CONVERSION = YES_AGGRESSIVE;
				CLANG_CXX_LANGUAGE_STANDARD = "gnu++14";
				CLANG_CXX_LIBRARY = "libc++";
				CLANG_ENABLE_MODULES = YES;
				CLANG_ENABLE_OBJC_ARC = YES;
				CLANG_ENABLE_OBJC_WEAK = YES;
				CLANG_WARN_BLOCK_CAPTURE_AUTORELEASING = YES;
				CLANG_WARN_BOOL_CONVERSION = YES;
				CLANG_WARN_COMMA = YES;
				CLANG_WARN_CONSTANT_CONVERSION = YES;
				CLANG_WARN_DEPRECATED_OBJC_IMPLEMENTATIONS = YES;
				CLANG_WARN_DIRECT_OBJC_ISA_USAGE = YES_ERROR;
				CLANG_WARN_DOCUMENTATION_COMMENTS = YES;
				CLANG_WARN_EMPTY_BODY = YES;
				CLANG_WARN_ENUM_CONVERSION = YES;
				CLANG_WARN_INFINITE_RECURSION = YES;
				CLANG_WARN_INT_CONVERSION = YES;
				CLANG_WARN_NON_LITERAL_NULL_CONVERSION = YES;
				CLANG_WARN_OBJC_IMPLICIT_RETAIN_SELF = YES;
				CLANG_WARN_OBJC_LITERAL_CONVERSION = YES;
				CLANG_WARN_OBJC_ROOT_CLASS = YES_ERROR;
				CLANG_WARN_RANGE_LOOP_ANALYSIS = YES;
				CLANG_WARN_STRICT_PROTOTYPES = YES;
				CLANG_WARN_SUSPICIOUS_MOVE = YES;
				CLANG_WARN_UNGUARDED_AVAILABILITY = YES_AGGRESSIVE;
				CLANG_WARN_UNREACHABLE_CODE = YES;
				CLANG_WARN__DUPLICATE_METHOD_MATCH = YES;
				CODE_SIGN_IDENTITY = "iPhone Developer";
				COPY_PHASE_STRIP = NO;
				DEBUG_INFORMATION_FORMAT = "dwarf-with-dsym";
				ENABLE_NS_ASSERTIONS = NO;
				ENABLE_STRICT_OBJC_MSGSEND = YES;
				GCC_C_LANGUAGE_STANDARD = gnu11;
				GCC_NO_COMMON_BLOCKS = YES;
				GCC_WARN_64_TO_32_BIT_CONVERSION = YES;
				GCC_WARN_ABOUT_RETURN_TYPE = YES_ERROR;
				GCC_WARN_UNDECLARED_SELECTOR = YES;
				GCC_WARN_UNINITIALIZED_AUTOS = YES_AGGRESSIVE;
				GCC_WARN_UNUSED_FUNCTION = YES;
				GCC_WARN_UNUSED_VARIABLE = YES;
				IPHONEOS_DEPLOYMENT_TARGET = 11.4;
				MTL_ENABLE_DEBUG_INFO = NO;
				SDKROOT = iphoneos;
				SWIFT_COMPILATION_MODE = wholemodule;
				SWIFT_OPTIMIZATION_LEVEL = "-O";
				VALIDATE_PRODUCT = YES;
			};
			name = Release;
		};
		AD4ED6E92102CD5F0005C05B /* Debug */ = {
			isa = XCBuildConfiguration;
			buildSettings = {
				ASSETCATALOG_COMPILER_APPICON_NAME = AppIcon;
				CODE_SIGN_STYLE = Automatic;
				INFOPLIST_FILE = SwiftLecture01/Info.plist;
				LD_RUNPATH_SEARCH_PATHS = (
					"$(inherited)",
					"@executable_path/Frameworks",
				);
				PRODUCT_BUNDLE_IDENTIFIER = aa.SwiftLecture01;
				PRODUCT_NAME = "$(TARGET_NAME)";
				SWIFT_VERSION = 4.0;
				TARGETED_DEVICE_FAMILY = "1,2";
			};
			name = Debug;
		};
		AD4ED6EA2102CD5F0005C05B /* Release */ = {
			isa = XCBuildConfiguration;
			buildSettings = {
				ASSETCATALOG_COMPILER_APPICON_NAME = AppIcon;
				CODE_SIGN_STYLE = Automatic;
				INFOPLIST_FILE = SwiftLecture01/Info.plist;
				LD_RUNPATH_SEARCH_PATHS = (
					"$(inherited)",
					"@executable_path/Frameworks",
				);
				PRODUCT_BUNDLE_IDENTIFIER = aa.SwiftLecture01;
				PRODUCT_NAME = "$(TARGET_NAME)";
				SWIFT_VERSION = 4.0;
				TARGETED_DEVICE_FAMILY = "1,2";
			};
			name = Release;
		};
		AD4ED6EC2102CD5F0005C05B /* Debug */ = {
			isa = XCBuildConfiguration;
			buildSettings = {
				ALWAYS_EMBED_SWIFT_STANDARD_LIBRARIES = YES;
				BUNDLE_LOADER = "$(TEST_HOST)";
				CODE_SIGN_STYLE = Automatic;
				INFOPLIST_FILE = SwiftLecture01Tests/Info.plist;
				LD_RUNPATH_SEARCH_PATHS = (
					"$(inherited)",
					"@executable_path/Frameworks",
					"@loader_path/Frameworks",
				);
				PRODUCT_BUNDLE_IDENTIFIER = aa.SwiftLecture01Tests;
				PRODUCT_NAME = "$(TARGET_NAME)";
				SWIFT_VERSION = 4.0;
				TARGETED_DEVICE_FAMILY = "1,2";
				TEST_HOST = "$(BUILT_PRODUCTS_DIR)/SwiftLecture01.app/SwiftLecture01";
			};
			name = Debug;
		};
		AD4ED6ED2102CD5F0005C05B /* Release */ = {
			isa = XCBuildConfiguration;
			buildSettings = {
				ALWAYS_EMBED_SWIFT_STANDARD_LIBRARIES = YES;
				BUNDLE_LOADER = "$(TEST_HOST)";
				CODE_SIGN_STYLE = Automatic;
				INFOPLIST_FILE = SwiftLecture01Tests/Info.plist;
				LD_RUNPATH_SEARCH_PATHS = (
					"$(inherited)",
					"@executable_path/Frameworks",
					"@loader_path/Frameworks",
				);
				PRODUCT_BUNDLE_IDENTIFIER = aa.SwiftLecture01Tests;
				PRODUCT_NAME = "$(TARGET_NAME)";
				SWIFT_VERSION = 4.0;
				TARGETED_DEVICE_FAMILY = "1,2";
				TEST_HOST = "$(BUILT_PRODUCTS_DIR)/SwiftLecture01.app/SwiftLecture01";
			};
			name = Release;
		};
		AD4ED6EF2102CD5F0005C05B /* Debug */ = {
			isa = XCBuildConfiguration;
			buildSettings = {
				ALWAYS_EMBED_SWIFT_STANDARD_LIBRARIES = YES;
				CODE_SIGN_STYLE = Automatic;
				INFOPLIST_FILE = SwiftLecture01UITests/Info.plist;
				LD_RUNPATH_SEARCH_PATHS = (
					"$(inherited)",
					"@executable_path/Frameworks",
					"@loader_path/Frameworks",
				);
				PRODUCT_BUNDLE_IDENTIFIER = aa.SwiftLecture01UITests;
				PRODUCT_NAME = "$(TARGET_NAME)";
				SWIFT_VERSION = 4.0;
				TARGETED_DEVICE_FAMILY = "1,2";
				TEST_TARGET_NAME = SwiftLecture01;
			};
			name = Debug;
		};
		AD4ED6F02102CD5F0005C05B /* Release */ = {
			isa = XCBuildConfiguration;
			buildSettings = {
				ALWAYS_EMBED_SWIFT_STANDARD_LIBRARIES = YES;
				CODE_SIGN_STYLE = Automatic;
				INFOPLIST_FILE = SwiftLecture01UITests/Info.plist;
				LD_RUNPATH_SEARCH_PATHS = (
					"$(inherited)",
					"@executable_path/Frameworks",
					"@loader_path/Frameworks",
				);
				PRODUCT_BUNDLE_IDENTIFIER = aa.SwiftLecture01UITests;
				PRODUCT_NAME = "$(TARGET_NAME)";
				SWIFT_VERSION = 4.0;
				TARGETED_DEVICE_FAMILY = "1,2";
				TEST_TARGET_NAME = SwiftLecture01;
			};
			name = Release;
		};
/* End XCBuildConfiguration section */

/* Begin XCConfigurationList section */
		AD4ED6BB2102CD5D0005C05B /* Build configuration list for PBXProject "SwiftLecture01" */ = {
			isa = XCConfigurationList;
			buildConfigurations = (
				AD4ED6E62102CD5F0005C05B /* Debug */,
				AD4ED6E72102CD5F0005C05B /* Release */,
			);
			defaultConfigurationIsVisible = 0;
			defaultConfigurationName = Release;
		};
		AD4ED6E82102CD5F0005C05B /* Build configuration list for PBXNativeTarget "SwiftLecture01" */ = {
			isa = XCConfigurationList;
			buildConfigurations = (
				AD4ED6E92102CD5F0005C05B /* Debug */,
				AD4ED6EA2102CD5F0005C05B /* Release */,
			);
			defaultConfigurationIsVisible = 0;
			defaultConfigurationName = Release;
		};
		AD4ED6EB2102CD5F0005C05B /* Build configuration list for PBXNativeTarget "SwiftLecture01Tests" */ = {
			isa = XCConfigurationList;
			buildConfigurations = (
				AD4ED6EC2102CD5F0005C05B /* Debug */,
				AD4ED6ED2102CD5F0005C05B /* Release */,
			);
			defaultConfigurationIsVisible = 0;
			defaultConfigurationName = Release;
		};
		AD4ED6EE2102CD5F0005C05B /* Build configuration list for PBXNativeTarget "SwiftLecture01UITests" */ = {
			isa = XCConfigurationList;
			buildConfigurations = (
				AD4ED6EF2102CD5F0005C05B /* Debug */,
				AD4ED6F02102CD5F0005C05B /* Release */,
			);
			defaultConfigurationIsVisible = 0;
			defaultConfigurationName = Release;
		};
/* End XCConfigurationList section */
	};
	rootObject = AD4ED6B82102CD5D0005C05B /* Project object */;
}
